// !$*UTF8*$!
{
	archiveVersion = 1;
	classes = {
	};
	objectVersion = 56;
	objects = {

/* Begin PBXBuildFile section */
		CB5DA59829B1C1280080389E /* AppDelegate.m in Sources */ = {isa = PBXBuildFile; fileRef = CB5DA59729B1C1280080389E /* AppDelegate.m */; };
		CB5DA59B29B1C1280080389E /* SceneDelegate.m in Sources */ = {isa = PBXBuildFile; fileRef = CB5DA59A29B1C1280080389E /* SceneDelegate.m */; };
		CB5DA59E29B1C1280080389E /* ViewController.m in Sources */ = {isa = PBXBuildFile; fileRef = CB5DA59D29B1C1280080389E /* ViewController.m */; };
		CB5DA5A129B1C1280080389E /* Main.storyboard in Resources */ = {isa = PBXBuildFile; fileRef = CB5DA59F29B1C1280080389E /* Main.storyboard */; };
		CB5DA5A329B1C12A0080389E /* Assets.xcassets in Resources */ = {isa = PBXBuildFile; fileRef = CB5DA5A229B1C12A0080389E /* Assets.xcassets */; };
		CB5DA5A629B1C12A0080389E /* LaunchScreen.storyboard in Resources */ = {isa = PBXBuildFile; fileRef = CB5DA5A429B1C12A0080389E /* LaunchScreen.storyboard */; };
		CB5DA5A929B1C12A0080389E /* main.m in Sources */ = {isa = PBXBuildFile; fileRef = CB5DA5A829B1C12A0080389E /* main.m */; };
/* End PBXBuildFile section */

/* Begin PBXFileReference section */
		CB5DA59329B1C1280080389E /* lowPowerMode.app */ = {isa = PBXFileReference; explicitFileType = wrapper.application; includeInIndex = 0; path = lowPowerMode.app; sourceTree = BUILT_PRODUCTS_DIR; };
		CB5DA59629B1C1280080389E /* AppDelegate.h */ = {isa = PBXFileReference; lastKnownFileType = sourcecode.c.h; path = AppDelegate.h; sourceTree = "<group>"; };
		CB5DA59729B1C1280080389E /* AppDelegate.m */ = {isa = PBXFileReference; lastKnownFileType = sourcecode.c.objc; path = AppDelegate.m; sourceTree = "<group>"; };
		CB5DA59929B1C1280080389E /* SceneDelegate.h */ = {isa = PBXFileReference; lastKnownFileType = sourcecode.c.h; path = SceneDelegate.h; sourceTree = "<group>"; };
		CB5DA59A29B1C1280080389E /* SceneDelegate.m */ = {isa = PBXFileReference; lastKnownFileType = sourcecode.c.objc; path = SceneDelegate.m; sourceTree = "<group>"; };
		CB5DA59C29B1C1280080389E /* ViewController.h */ = {isa = PBXFileReference; lastKnownFileType = sourcecode.c.h; path = ViewController.h; sourceTree = "<group>"; };
		CB5DA59D29B1C1280080389E /* ViewController.m */ = {isa = PBXFileReference; lastKnownFileType = sourcecode.c.objc; path = ViewController.m; sourceTree = "<group>"; };
		CB5DA5A029B1C1280080389E /* Base */ = {isa = PBXFileReference; lastKnownFileType = file.storyboard; name = Base; path = Base.lproj/Main.storyboard; sourceTree = "<group>"; };
		CB5DA5A229B1C12A0080389E /* Assets.xcassets */ = {isa = PBXFileReference; lastKnownFileType = folder.assetcatalog; path = Assets.xcassets; sourceTree = "<group>"; };
		CB5DA5A529B1C12A0080389E /* Base */ = {isa = PBXFileReference; lastKnownFileType = file.storyboard; name = Base; path = Base.lproj/LaunchScreen.storyboard; sourceTree = "<group>"; };
		CB5DA5A729B1C12A0080389E /* Info.plist */ = {isa = PBXFileReference; lastKnownFileType = text.plist.xml; path = Info.plist; sourceTree = "<group>"; };
		CB5DA5A829B1C12A0080389E /* main.m */ = {isa = PBXFileReference; lastKnownFileType = sourcecode.c.objc; path = main.m; sourceTree = "<group>"; };
/* End PBXFileReference section */

/* Begin PBXFrameworksBuildPhase section */
		CB5DA59029B1C1280080389E /* Frameworks */ = {
			isa = PBXFrameworksBuildPhase;
			buildActionMask = 2147483647;
			files = (
			);
			runOnlyForDeploymentPostprocessing = 0;
		};
/* End PBXFrameworksBuildPhase section */

/* Begin PBXGroup section */
		CB5DA58A29B1C1280080389E = {
			isa = PBXGroup;
			children = (
				CB5DA59529B1C1280080389E /* lowPowerMode */,
				CB5DA59429B1C1280080389E /* Products */,
			);
			sourceTree = "<group>";
		};
		CB5DA59429B1C1280080389E /* Products */ = {
			isa = PBXGroup;
			children = (
				CB5DA59329B1C1280080389E /* lowPowerMode.app */,
			);
			name = Products;
			sourceTree = "<group>";
		};
		CB5DA59529B1C1280080389E /* lowPowerMode */ = {
			isa = PBXGroup;
			children = (
				CB5DA59629B1C1280080389E /* AppDelegate.h */,
				CB5DA59729B1C1280080389E /* AppDelegate.m */,
				CB5DA59929B1C1280080389E /* SceneDelegate.h */,
				CB5DA59A29B1C1280080389E /* SceneDelegate.m */,
				CB5DA59C29B1C1280080389E /* ViewController.h */,
				CB5DA59D29B1C1280080389E /* ViewController.m */,
				CB5DA59F29B1C1280080389E /* Main.storyboard */,
				CB5DA5A229B1C12A0080389E /* Assets.xcassets */,
				CB5DA5A429B1C12A0080389E /* LaunchScreen.storyboard */,
				CB5DA5A729B1C12A0080389E /* Info.plist */,
				CB5DA5A829B1C12A0080389E /* main.m */,
			);
			path = lowPowerMode;
			sourceTree = "<group>";
		};
/* End PBXGroup section */

/* Begin PBXNativeTarget section */
		CB5DA59229B1C1280080389E /* lowPowerMode */ = {
			isa = PBXNativeTarget;
			buildConfigurationList = CB5DA5AC29B1C12A0080389E /* Build configuration list for PBXNativeTarget "lowPowerMode" */;
			buildPhases = (
				CB5DA58F29B1C1280080389E /* Sources */,
				CB5DA59029B1C1280080389E /* Frameworks */,
				CB5DA59129B1C1280080389E /* Resources */,
			);
			buildRules = (
			);
			dependencies = (
			);
			name = lowPowerMode;
			productName = lowPowerMode;
			productReference = CB5DA59329B1C1280080389E /* lowPowerMode.app */;
			productType = "com.apple.product-type.application";
		};
/* End PBXNativeTarget section */

/* Begin PBXProject section */
		CB5DA58B29B1C1280080389E /* Project object */ = {
			isa = PBXProject;
			attributes = {
				BuildIndependentTargetsInParallel = 1;
				LastUpgradeCheck = 1420;
				TargetAttributes = {
					CB5DA59229B1C1280080389E = {
						CreatedOnToolsVersion = 14.2;
					};
				};
			};
			buildConfigurationList = CB5DA58E29B1C1280080389E /* Build configuration list for PBXProject "lowPowerMode" */;
			compatibilityVersion = "Xcode 14.0";
			developmentRegion = en;
			hasScannedForEncodings = 0;
			knownRegions = (
				en,
				Base,
			);
			mainGroup = CB5DA58A29B1C1280080389E;
			productRefGroup = CB5DA59429B1C1280080389E /* Products */;
			projectDirPath = "";
			projectRoot = "";
			targets = (
				CB5DA59229B1C1280080389E /* lowPowerMode */,
			);
		};
/* End PBXProject section */

/* Begin PBXResourcesBuildPhase section */
		CB5DA59129B1C1280080389E /* Resources */ = {
			isa = PBXResourcesBuildPhase;
			buildActionMask = 2147483647;
			files = (
				CB5DA5A629B1C12A0080389E /* LaunchScreen.storyboard in Resources */,
				CB5DA5A329B1C12A0080389E /* Assets.xcassets in Resources */,
				CB5DA5A129B1C1280080389E /* Main.storyboard in Resources */,
			);
			runOnlyForDeploymentPostprocessing = 0;
		};
/* End PBXResourcesBuildPhase section */

/* Begin PBXSourcesBuildPhase section */
		CB5DA58F29B1C1280080389E /* Sources */ = {
			isa = PBXSourcesBuildPhase;
			buildActionMask = 2147483647;
			files = (
				CB5DA59E29B1C1280080389E /* ViewController.m in Sources */,
				CB5DA59829B1C1280080389E /* AppDelegate.m in Sources */,
				CB5DA5A929B1C12A0080389E /* main.m in Sources */,
				CB5DA59B29B1C1280080389E /* SceneDelegate.m in Sources */,
			);
			runOnlyForDeploymentPostprocessing = 0;
		};
/* End PBXSourcesBuildPhase section */

/* Begin PBXVariantGroup section */
		CB5DA59F29B1C1280080389E /* Main.storyboard */ = {
			isa = PBXVariantGroup;
			children = (
				CB5DA5A029B1C1280080389E /* Base */,
			);
			name = Main.storyboard;
			sourceTree = "<group>";
		};
		CB5DA5A429B1C12A0080389E /* LaunchScreen.storyboard */ = {
			isa = PBXVariantGroup;
			children = (
				CB5DA5A529B1C12A0080389E /* Base */,
			);
			name = LaunchScreen.storyboard;
			sourceTree = "<group>";
		};
/* End PBXVariantGroup section */

/* Begin XCBuildConfiguration section */
		CB5DA5AA29B1C12A0080389E /* Debug */ = {
			isa = XCBuildConfiguration;
			buildSettings = {
				ALWAYS_SEARCH_USER_PATHS = NO;
				CLANG_ANALYZER_NONNULL = YES;
				CLANG_ANALYZER_NUMBER_OBJECT_CONVERSION = YES_AGGRESSIVE;
				CLANG_CXX_LANGUAGE_STANDARD = "gnu++20";
				CLANG_ENABLE_MODULES = YES;
				CLANG_ENABLE_OBJC_ARC = YES;
				CLANG_ENABLE_OBJC_WEAK = YES;
				CLANG_WARN_BLOCK_CAPTURE_AUTORELEASING = YES;
				CLANG_WARN_BOOL_CONVERSION = YES;
				CLANG_WARN_COMMA = YES;
				CLANG_WARN_CONSTANT_CONVERSION = YES;
				CLANG_WARN_DEPRECATED_OBJC_IMPLEMENTATIONS = YES;
				CLANG_WARN_DIRECT_OBJC_ISA_USAGE = YES_ERROR;
				CLANG_WARN_DOCUMENTATION_COMMENTS = YES;
				CLANG_WARN_EMPTY_BODY = YES;
				CLANG_WARN_ENUM_CONVERSION = YES;
				CLANG_WARN_INFINITE_RECURSION = YES;
				CLANG_WARN_INT_CONVERSION = YES;
				CLANG_WARN_NON_LITERAL_NULL_CONVERSION = YES;
				CLANG_WARN_OBJC_IMPLICIT_RETAIN_SELF = YES;
				CLANG_WARN_OBJC_LITERAL_CONVERSION = YES;
				CLANG_WARN_OBJC_ROOT_CLASS = YES_ERROR;
				CLANG_WARN_QUOTED_INCLUDE_IN_FRAMEWORK_HEADER = YES;
				CLANG_WARN_RANGE_LOOP_ANALYSIS = YES;
				CLANG_WARN_STRICT_PROTOTYPES = YES;
				CLANG_WARN_SUSPICIOUS_MOVE = YES;
				CLANG_WARN_UNGUARDED_AVAILABILITY = YES_AGGRESSIVE;
				CLANG_WARN_UNREACHABLE_CODE = YES;
				CLANG_WARN__DUPLICATE_METHOD_MATCH = YES;
				COPY_PHASE_STRIP = NO;
				DEBUG_INFORMATION_FORMAT = dwarf;
				ENABLE_STRICT_OBJC_MSGSEND = YES;
				ENABLE_TESTABILITY = YES;
				GCC_C_LANGUAGE_STANDARD = gnu11;
				GCC_DYNAMIC_NO_PIC = NO;
				GCC_NO_COMMON_BLOCKS = YES;
				GCC_OPTIMIZATION_LEVEL = 0;
				GCC_PREPROCESSOR_DEFINITIONS = (
					"DEBUG=1",
					"$(inherited)",
				);
				GCC_WARN_64_TO_32_BIT_CONVERSION = YES;
				GCC_WARN_ABOUT_RETURN_TYPE = YES_ERROR;
				GCC_WARN_UNDECLARED_SELECTOR = YES;
				GCC_WARN_UNINITIALIZED_AUTOS = YES_AGGRESSIVE;
				GCC_WARN_UNUSED_FUNCTION = YES;
				GCC_WARN_UNUSED_VARIABLE = YES;
				IPHONEOS_DEPLOYMENT_TARGET = 16.2;
				MTL_ENABLE_DEBUG_INFO = INCLUDE_SOURCE;
				MTL_FAST_MATH = YES;
				ONLY_ACTIVE_ARCH = YES;
				SDKROOT = iphoneos;
			};
			name = Debug;
		};
		CB5DA5AB29B1C12A0080389E /* Release */ = {
			isa = XCBuildConfiguration;
			buildSettings = {
				ALWAYS_SEARCH_USER_PATHS = NO;
				CLANG_ANALYZER_NONNULL = YES;
				CLANG_ANALYZER_NUMBER_OBJECT_CONVERSION = YES_AGGRESSIVE;
				CLANG_CXX_LANGUAGE_STANDARD = "gnu++20";
				CLANG_ENABLE_MODULES = YES;
				CLANG_ENABLE_OBJC_ARC = YES;
				CLANG_ENABLE_OBJC_WEAK = YES;
				CLANG_WARN_BLOCK_CAPTURE_AUTORELEASING = YES;
				CLANG_WARN_BOOL_CONVERSION = YES;
				CLANG_WARN_COMMA = YES;
				CLANG_WARN_CONSTANT_CONVERSION = YES;
				CLANG_WARN_DEPRECATED_OBJC_IMPLEMENTATIONS = YES;
				CLANG_WARN_DIRECT_OBJC_ISA_USAGE = YES_ERROR;
				CLANG_WARN_DOCUMENTATION_COMMENTS = YES;
				CLANG_WARN_EMPTY_BODY = YES;
				CLANG_WARN_ENUM_CONVERSION = YES;
				CLANG_WARN_INFINITE_RECURSION = YES;
				CLANG_WARN_INT_CONVERSION = YES;
				CLANG_WARN_NON_LITERAL_NULL_CONVERSION = YES;
				CLANG_WARN_OBJC_IMPLICIT_RETAIN_SELF = YES;
				CLANG_WARN_OBJC_LITERAL_CONVERSION = YES;
				CLANG_WARN_OBJC_ROOT_CLASS = YES_ERROR;
				CLANG_WARN_QUOTED_INCLUDE_IN_FRAMEWORK_HEADER = YES;
				CLANG_WARN_RANGE_LOOP_ANALYSIS = YES;
				CLANG_WARN_STRICT_PROTOTYPES = YES;
				CLANG_WARN_SUSPICIOUS_MOVE = YES;
				CLANG_WARN_UNGUARDED_AVAILABILITY = YES_AGGRESSIVE;
				CLANG_WARN_UNREACHABLE_CODE = YES;
				CLANG_WARN__DUPLICATE_METHOD_MATCH = YES;
				COPY_PHASE_STRIP = NO;
				DEBUG_INFORMATION_FORMAT = "dwarf-with-dsym";
				ENABLE_NS_ASSERTIONS = NO;
				ENABLE_STRICT_OBJC_MSGSEND = YES;
				GCC_C_LANGUAGE_STANDARD = gnu11;
				GCC_NO_COMMON_BLOCKS = YES;
				GCC_WARN_64_TO_32_BIT_CONVERSION = YES;
				GCC_WARN_ABOUT_RETURN_TYPE = YES_ERROR;
				GCC_WARN_UNDECLARED_SELECTOR = YES;
				GCC_WARN_UNINITIALIZED_AUTOS = YES_AGGRESSIVE;
				GCC_WARN_UNUSED_FUNCTION = YES;
				GCC_WARN_UNUSED_VARIABLE = YES;
				IPHONEOS_DEPLOYMENT_TARGET = 16.2;
				MTL_ENABLE_DEBUG_INFO = NO;
				MTL_FAST_MATH = YES;
				SDKROOT = iphoneos;
				VALIDATE_PRODUCT = YES;
			};
			name = Release;
		};
		CB5DA5AD29B1C12A0080389E /* Debug */ = {
			isa = XCBuildConfiguration;
			buildSettings = {
				ASSETCATALOG_COMPILER_APPICON_NAME = AppIcon;
				ASSETCATALOG_COMPILER_GLOBAL_ACCENT_COLOR_NAME = AccentColor;
				CODE_SIGN_STYLE = Automatic;
				CURRENT_PROJECT_VERSION = 1;
				DEVELOPMENT_TEAM = 8XPT93F9Q7;
				GENERATE_INFOPLIST_FILE = YES;
				INFOPLIST_FILE = lowPowerMode/Info.plist;
				INFOPLIST_KEY_UIApplicationSupportsIndirectInputEvents = YES;
				INFOPLIST_KEY_UILaunchStoryboardName = LaunchScreen;
				INFOPLIST_KEY_UIMainStoryboardFile = Main;
				INFOPLIST_KEY_UISupportedInterfaceOrientations_iPad = "UIInterfaceOrientationPortrait UIInterfaceOrientationPortraitUpsideDown UIInterfaceOrientationLandscapeLeft UIInterfaceOrientationLandscapeRight";
				INFOPLIST_KEY_UISupportedInterfaceOrientations_iPhone = "UIInterfaceOrientationPortrait UIInterfaceOrientationLandscapeLeft UIInterfaceOrientationLandscapeRight";
				LD_RUNPATH_SEARCH_PATHS = (
					"$(inherited)",
					"@executable_path/Frameworks",
				);
				MARKETING_VERSION = 1.0;
				PRODUCT_BUNDLE_IDENTIFIER = com.sriteja.lowPowerMode;
				PRODUCT_NAME = "$(TARGET_NAME)";
				SWIFT_EMIT_LOC_STRINGS = YES;
				TARGETED_DEVICE_FAMILY = "1,2";
			};
			name = Debug;
		};
		CB5DA5AE29B1C12A0080389E /* Release */ = {
			isa = XCBuildConfiguration;
			buildSettings = {
				ASSETCATALOG_COMPILER_APPICON_NAME = AppIcon;
				ASSETCATALOG_COMPILER_GLOBAL_ACCENT_COLOR_NAME = AccentColor;
				CODE_SIGN_STYLE = Automatic;
				CURRENT_PROJECT_VERSION = 1;
				DEVELOPMENT_TEAM = 8XPT93F9Q7;
				GENERATE_INFOPLIST_FILE = YES;
				INFOPLIST_FILE = lowPowerMode/Info.plist;
				INFOPLIST_KEY_UIApplicationSupportsIndirectInputEvents = YES;
				INFOPLIST_KEY_UILaunchStoryboardName = LaunchScreen;
				INFOPLIST_KEY_UIMainStoryboardFile = Main;
				INFOPLIST_KEY_UISupportedInterfaceOrientations_iPad = "UIInterfaceOrientationPortrait UIInterfaceOrientationPortraitUpsideDown UIInterfaceOrientationLandscapeLeft UIInterfaceOrientationLandscapeRight";
				INFOPLIST_KEY_UISupportedInterfaceOrientations_iPhone = "UIInterfaceOrientationPortrait UIInterfaceOrientationLandscapeLeft UIInterfaceOrientationLandscapeRight";
				LD_RUNPATH_SEARCH_PATHS = (
					"$(inherited)",
					"@executable_path/Frameworks",
				);
				MARKETING_VERSION = 1.0;
				PRODUCT_BUNDLE_IDENTIFIER = com.sriteja.lowPowerMode;
				PRODUCT_NAME = "$(TARGET_NAME)";
				SWIFT_EMIT_LOC_STRINGS = YES;
				TARGETED_DEVICE_FAMILY = "1,2";
			};
			name = Release;
		};
/* End XCBuildConfiguration section */

/* Begin XCConfigurationList section */
		CB5DA58E29B1C1280080389E /* Build configuration list for PBXProject "lowPowerMode" */ = {
			isa = XCConfigurationList;
			buildConfigurations = (
				CB5DA5AA29B1C12A0080389E /* Debug */,
				CB5DA5AB29B1C12A0080389E /* Release */,
			);
			defaultConfigurationIsVisible = 0;
			defaultConfigurationName = Release;
		};
		CB5DA5AC29B1C12A0080389E /* Build configuration list for PBXNativeTarget "lowPowerMode" */ = {
			isa = XCConfigurationList;
			buildConfigurations = (
				CB5DA5AD29B1C12A0080389E /* Debug */,
				CB5DA5AE29B1C12A0080389E /* Release */,
			);
			defaultConfigurationIsVisible = 0;
			defaultConfigurationName = Release;
		};
/* End XCConfigurationList section */
	};
	rootObject = CB5DA58B29B1C1280080389E /* Project object */;
}
